// !$*UTF8*$!
{
	archiveVersion = 1;
	classes = {
	};
	objectVersion = 46;
	objects = {

/* Begin PBXBuildFile section */
		52C7AF5A1D2BA7D8004937DD /* AppDelegate.swift in Sources */ = {isa = PBXBuildFile; fileRef = 52C7AF591D2BA7D8004937DD /* AppDelegate.swift */; };
		52C7AF5C1D2BA7D8004937DD /* GameScene.sks in Resources */ = {isa = PBXBuildFile; fileRef = 52C7AF5B1D2BA7D8004937DD /* GameScene.sks */; };
		52C7AF5E1D2BA7D8004937DD /* GameScene.swift in Sources */ = {isa = PBXBuildFile; fileRef = 52C7AF5D1D2BA7D8004937DD /* GameScene.swift */; };
		52C7AF601D2BA7D8004937DD /* GameViewController.swift in Sources */ = {isa = PBXBuildFile; fileRef = 52C7AF5F1D2BA7D8004937DD /* GameViewController.swift */; };
		52C7AF631D2BA7D8004937DD /* Main.storyboard in Resources */ = {isa = PBXBuildFile; fileRef = 52C7AF611D2BA7D8004937DD /* Main.storyboard */; };
		52C7AF651D2BA7D8004937DD /* Assets.xcassets in Resources */ = {isa = PBXBuildFile; fileRef = 52C7AF641D2BA7D8004937DD /* Assets.xcassets */; };
		52C7AF681D2BA7D8004937DD /* LaunchScreen.storyboard in Resources */ = {isa = PBXBuildFile; fileRef = 52C7AF661D2BA7D8004937DD /* LaunchScreen.storyboard */; };
		52C7AF721D2BA871004937DD /* sfx_flap.caf in Resources */ = {isa = PBXBuildFile; fileRef = 52C7AF701D2BA871004937DD /* sfx_flap.caf */; };
		52C7AF731D2BA871004937DD /* sfx_goal.caf in Resources */ = {isa = PBXBuildFile; fileRef = 52C7AF711D2BA871004937DD /* sfx_goal.caf */; };
		52C7AF771D2C5D2A004937DD /* Hero.sks in Resources */ = {isa = PBXBuildFile; fileRef = 52C7AF761D2C5D2A004937DD /* Hero.sks */; };
/* End PBXBuildFile section */

/* Begin PBXFileReference section */
		52C7AF561D2BA7D8004937DD /* HoppyBunny.app */ = {isa = PBXFileReference; explicitFileType = wrapper.application; includeInIndex = 0; path = HoppyBunny.app; sourceTree = BUILT_PRODUCTS_DIR; };
		52C7AF591D2BA7D8004937DD /* AppDelegate.swift */ = {isa = PBXFileReference; lastKnownFileType = sourcecode.swift; path = AppDelegate.swift; sourceTree = "<group>"; };
		52C7AF5B1D2BA7D8004937DD /* GameScene.sks */ = {isa = PBXFileReference; lastKnownFileType = file.sks; path = GameScene.sks; sourceTree = "<group>"; };
		52C7AF5D1D2BA7D8004937DD /* GameScene.swift */ = {isa = PBXFileReference; lastKnownFileType = sourcecode.swift; path = GameScene.swift; sourceTree = "<group>"; };
		52C7AF5F1D2BA7D8004937DD /* GameViewController.swift */ = {isa = PBXFileReference; lastKnownFileType = sourcecode.swift; path = GameViewController.swift; sourceTree = "<group>"; };
		52C7AF621D2BA7D8004937DD /* Base */ = {isa = PBXFileReference; lastKnownFileType = file.storyboard; name = Base; path = Base.lproj/Main.storyboard; sourceTree = "<group>"; };
		52C7AF641D2BA7D8004937DD /* Assets.xcassets */ = {isa = PBXFileReference; lastKnownFileType = folder.assetcatalog; path = Assets.xcassets; sourceTree = "<group>"; };
		52C7AF671D2BA7D8004937DD /* Base */ = {isa = PBXFileReference; lastKnownFileType = file.storyboard; name = Base; path = Base.lproj/LaunchScreen.storyboard; sourceTree = "<group>"; };
		52C7AF691D2BA7D8004937DD /* Info.plist */ = {isa = PBXFileReference; lastKnownFileType = text.plist.xml; path = Info.plist; sourceTree = "<group>"; };
		52C7AF701D2BA871004937DD /* sfx_flap.caf */ = {isa = PBXFileReference; lastKnownFileType = file; path = sfx_flap.caf; sourceTree = "<group>"; };
		52C7AF711D2BA871004937DD /* sfx_goal.caf */ = {isa = PBXFileReference; lastKnownFileType = file; path = sfx_goal.caf; sourceTree = "<group>"; };
		52C7AF761D2C5D2A004937DD /* Hero.sks */ = {isa = PBXFileReference; lastKnownFileType = file.sks; name = Hero.sks; path = ../Hero.sks; sourceTree = "<group>"; };
/* End PBXFileReference section */

/* Begin PBXFrameworksBuildPhase section */
		52C7AF531D2BA7D8004937DD /* Frameworks */ = {
			isa = PBXFrameworksBuildPhase;
			buildActionMask = 2147483647;
			files = (
			);
			runOnlyForDeploymentPostprocessing = 0;
		};
/* End PBXFrameworksBuildPhase section */

/* Begin PBXGroup section */
		52C7AF4D1D2BA7D8004937DD = {
			isa = PBXGroup;
			children = (
				52C7AF581D2BA7D8004937DD /* HoppyBunny */,
				52C7AF571D2BA7D8004937DD /* Products */,
			);
			sourceTree = "<group>";
		};
		52C7AF571D2BA7D8004937DD /* Products */ = {
			isa = PBXGroup;
			children = (
				52C7AF561D2BA7D8004937DD /* HoppyBunny.app */,
			);
			name = Products;
			sourceTree = "<group>";
		};
		52C7AF581D2BA7D8004937DD /* HoppyBunny */ = {
			isa = PBXGroup;
			children = (
				52C7AF591D2BA7D8004937DD /* AppDelegate.swift */,
				52C7AF5B1D2BA7D8004937DD /* GameScene.sks */,
				52C7AF5D1D2BA7D8004937DD /* GameScene.swift */,
				52C7AF761D2C5D2A004937DD /* Hero.sks */,
				52C7AF5F1D2BA7D8004937DD /* GameViewController.swift */,
				52C7AF611D2BA7D8004937DD /* Main.storyboard */,
				52C7AF641D2BA7D8004937DD /* Assets.xcassets */,
				52C7AF6F1D2BA871004937DD /* SFX */,
				52C7AF661D2BA7D8004937DD /* LaunchScreen.storyboard */,
				52C7AF691D2BA7D8004937DD /* Info.plist */,
			);
			path = HoppyBunny;
			sourceTree = "<group>";
		};
		52C7AF6F1D2BA871004937DD /* SFX */ = {
			isa = PBXGroup;
			children = (
				52C7AF701D2BA871004937DD /* sfx_flap.caf */,
				52C7AF711D2BA871004937DD /* sfx_goal.caf */,
			);
			path = SFX;
			sourceTree = "<group>";
		};
/* End PBXGroup section */

/* Begin PBXNativeTarget section */
		52C7AF551D2BA7D8004937DD /* HoppyBunny */ = {
			isa = PBXNativeTarget;
			buildConfigurationList = 52C7AF6C1D2BA7D8004937DD /* Build configuration list for PBXNativeTarget "HoppyBunny" */;
			buildPhases = (
				52C7AF521D2BA7D8004937DD /* Sources */,
				52C7AF531D2BA7D8004937DD /* Frameworks */,
				52C7AF541D2BA7D8004937DD /* Resources */,
			);
			buildRules = (
			);
			dependencies = (
			);
			name = HoppyBunny;
			productName = HoppyBunny;
			productReference = 52C7AF561D2BA7D8004937DD /* HoppyBunny.app */;
			productType = "com.apple.product-type.application";
		};
/* End PBXNativeTarget section */

/* Begin PBXProject section */
		52C7AF4E1D2BA7D8004937DD /* Project object */ = {
			isa = PBXProject;
			attributes = {
				LastSwiftUpdateCheck = 0730;
				LastUpgradeCheck = 0730;
				ORGANIZATIONNAME = "NiidMo Games";
				TargetAttributes = {
					52C7AF551D2BA7D8004937DD = {
						CreatedOnToolsVersion = 7.3.1;
					};
				};
			};
			buildConfigurationList = 52C7AF511D2BA7D8004937DD /* Build configuration list for PBXProject "HoppyBunny" */;
			compatibilityVersion = "Xcode 3.2";
			developmentRegion = English;
			hasScannedForEncodings = 0;
			knownRegions = (
				en,
				Base,
			);
			mainGroup = 52C7AF4D1D2BA7D8004937DD;
			productRefGroup = 52C7AF571D2BA7D8004937DD /* Products */;
			projectDirPath = "";
			projectRoot = "";
			targets = (
				52C7AF551D2BA7D8004937DD /* HoppyBunny */,
			);
		};
/* End PBXProject section */

/* Begin PBXResourcesBuildPhase section */
		52C7AF541D2BA7D8004937DD /* Resources */ = {
			isa = PBXResourcesBuildPhase;
			buildActionMask = 2147483647;
			files = (
				52C7AF5C1D2BA7D8004937DD /* GameScene.sks in Resources */,
				52C7AF721D2BA871004937DD /* sfx_flap.caf in Resources */,
				52C7AF681D2BA7D8004937DD /* LaunchScreen.storyboard in Resources */,
				52C7AF771D2C5D2A004937DD /* Hero.sks in Resources */,
				52C7AF651D2BA7D8004937DD /* Assets.xcassets in Resources */,
				52C7AF631D2BA7D8004937DD /* Main.storyboard in Resources */,
				52C7AF731D2BA871004937DD /* sfx_goal.caf in Resources */,
			);
			runOnlyForDeploymentPostprocessing = 0;
		};
/* End PBXResourcesBuildPhase section */

/* Begin PBXSourcesBuildPhase section */
		52C7AF521D2BA7D8004937DD /* Sources */ = {
			isa = PBXSourcesBuildPhase;
			buildActionMask = 2147483647;
			files = (
				52C7AF5E1D2BA7D8004937DD /* GameScene.swift in Sources */,
				52C7AF601D2BA7D8004937DD /* GameViewController.swift in Sources */,
				52C7AF5A1D2BA7D8004937DD /* AppDelegate.swift in Sources */,
			);
			runOnlyForDeploymentPostprocessing = 0;
		};
/* End PBXSourcesBuildPhase section */

/* Begin PBXVariantGroup section */
		52C7AF611D2BA7D8004937DD /* Main.storyboard */ = {
			isa = PBXVariantGroup;
			children = (
				52C7AF621D2BA7D8004937DD /* Base */,
			);
			name = Main.storyboard;
			sourceTree = "<group>";
		};
		52C7AF661D2BA7D8004937DD /* LaunchScreen.storyboard */ = {
			isa = PBXVariantGroup;
			children = (
				52C7AF671D2BA7D8004937DD /* Base */,
			);
			name = LaunchScreen.storyboard;
			sourceTree = "<group>";
		};
/* End PBXVariantGroup section */

/* Begin XCBuildConfiguration section */
		52C7AF6A1D2BA7D8004937DD /* Debug */ = {
			isa = XCBuildConfiguration;
			buildSettings = {
				ALWAYS_SEARCH_USER_PATHS = NO;
				CLANG_ANALYZER_NONNULL = YES;
				CLANG_CXX_LANGUAGE_STANDARD = "gnu++0x";
				CLANG_CXX_LIBRARY = "libc++";
				CLANG_ENABLE_MODULES = YES;
				CLANG_ENABLE_OBJC_ARC = YES;
				CLANG_WARN_BOOL_CONVERSION = YES;
				CLANG_WARN_CONSTANT_CONVERSION = YES;
				CLANG_WARN_DIRECT_OBJC_ISA_USAGE = YES_ERROR;
				CLANG_WARN_EMPTY_BODY = YES;
				CLANG_WARN_ENUM_CONVERSION = YES;
				CLANG_WARN_INT_CONVERSION = YES;
				CLANG_WARN_OBJC_ROOT_CLASS = YES_ERROR;
				CLANG_WARN_UNREACHABLE_CODE = YES;
				CLANG_WARN__DUPLICATE_METHOD_MATCH = YES;
				"CODE_SIGN_IDENTITY[sdk=iphoneos*]" = "iPhone Developer";
				COPY_PHASE_STRIP = NO;
				DEBUG_INFORMATION_FORMAT = "dwarf-with-dsym";
				ENABLE_STRICT_OBJC_MSGSEND = YES;
				ENABLE_TESTABILITY = YES;
				GCC_C_LANGUAGE_STANDARD = gnu99;
				GCC_DYNAMIC_NO_PIC = NO;
				GCC_NO_COMMON_BLOCKS = YES;
				GCC_OPTIMIZATION_LEVEL = 0;
				GCC_PREPROCESSOR_DEFINITIONS = (
					"DEBUG=1",
					"$(inherited)",
				);
				GCC_WARN_64_TO_32_BIT_CONVERSION = YES;
				GCC_WARN_ABOUT_RETURN_TYPE = YES_ERROR;
				GCC_WARN_UNDECLARED_SELECTOR = YES;
				GCC_WARN_UNINITIALIZED_AUTOS = YES_AGGRESSIVE;
				GCC_WARN_UNUSED_FUNCTION = YES;
				GCC_WARN_UNUSED_VARIABLE = YES;
				IPHONEOS_DEPLOYMENT_TARGET = 9.3;
				MTL_ENABLE_DEBUG_INFO = YES;
				ONLY_ACTIVE_ARCH = YES;
				SDKROOT = iphoneos;
				SWIFT_OPTIMIZATION_LEVEL = "-Onone";
			};
			name = Debug;
		};
		52C7AF6B1D2BA7D8004937DD /* Release */ = {
			isa = XCBuildConfiguration;
			buildSettings = {
				ALWAYS_SEARCH_USER_PATHS = NO;
				CLANG_ANALYZER_NONNULL = YES;
				CLANG_CXX_LANGUAGE_STANDARD = "gnu++0x";
				CLANG_CXX_LIBRARY = "libc++";
				CLANG_ENABLE_MODULES = YES;
				CLANG_ENABLE_OBJC_ARC = YES;
				CLANG_WARN_BOOL_CONVERSION = YES;
				CLANG_WARN_CONSTANT_CONVERSION = YES;
				CLANG_WARN_DIRECT_OBJC_ISA_USAGE = YES_ERROR;
				CLANG_WARN_EMPTY_BODY = YES;
				CLANG_WARN_ENUM_CONVERSION = YES;
				CLANG_WARN_INT_CONVERSION = YES;
				CLANG_WARN_OBJC_ROOT_CLASS = YES_ERROR;
				CLANG_WARN_UNREACHABLE_CODE = YES;
				CLANG_WARN__DUPLICATE_METHOD_MATCH = YES;
				"CODE_SIGN_IDENTITY[sdk=iphoneos*]" = "iPhone Developer";
				COPY_PHASE_STRIP = NO;
				DEBUG_INFORMATION_FORMAT = "dwarf-with-dsym";
				ENABLE_NS_ASSERTIONS = NO;
				ENABLE_STRICT_OBJC_MSGSEND = YES;
				GCC_C_LANGUAGE_STANDARD = gnu99;
				GCC_NO_COMMON_BLOCKS = YES;
				GCC_WARN_64_TO_32_BIT_CONVERSION = YES;
				GCC_WARN_ABOUT_RETURN_TYPE = YES_ERROR;
				GCC_WARN_UNDECLARED_SELECTOR = YES;
				GCC_WARN_UNINITIALIZED_AUTOS = YES_AGGRESSIVE;
				GCC_WARN_UNUSED_FUNCTION = YES;
				GCC_WARN_UNUSED_VARIABLE = YES;
				IPHONEOS_DEPLOYMENT_TARGET = 9.3;
				MTL_ENABLE_DEBUG_INFO = NO;
				SDKROOT = iphoneos;
				VALIDATE_PRODUCT = YES;
			};
			name = Release;
		};
		52C7AF6D1D2BA7D8004937DD /* Debug */ = {
			isa = XCBuildConfiguration;
			buildSettings = {
				ASSETCATALOG_COMPILER_APPICON_NAME = AppIcon;
				INFOPLIST_FILE = HoppyBunny/Info.plist;
				LD_RUNPATH_SEARCH_PATHS = "$(inherited) @executable_path/Frameworks";
				PRODUCT_BUNDLE_IDENTIFIER = com.makeschool.HoppyBunny;
				PRODUCT_NAME = "$(TARGET_NAME)";
			};
			name = Debug;
		};
		52C7AF6E1D2BA7D8004937DD /* Release */ = {
			isa = XCBuildConfiguration;
			buildSettings = {
				ASSETCATALOG_COMPILER_APPICON_NAME = AppIcon;
				INFOPLIST_FILE = HoppyBunny/Info.plist;
				LD_RUNPATH_SEARCH_PATHS = "$(inherited) @executable_path/Frameworks";
				PRODUCT_BUNDLE_IDENTIFIER = com.makeschool.HoppyBunny;
				PRODUCT_NAME = "$(TARGET_NAME)";
			};
			name = Release;
		};
/* End XCBuildConfiguration section */

/* Begin XCConfigurationList section */
		52C7AF511D2BA7D8004937DD /* Build configuration list for PBXProject "HoppyBunny" */ = {
			isa = XCConfigurationList;
			buildConfigurations = (
				52C7AF6A1D2BA7D8004937DD /* Debug */,
				52C7AF6B1D2BA7D8004937DD /* Release */,
			);
			defaultConfigurationIsVisible = 0;
			defaultConfigurationName = Release;
		};
		52C7AF6C1D2BA7D8004937DD /* Build configuration list for PBXNativeTarget "HoppyBunny" */ = {
			isa = XCConfigurationList;
			buildConfigurations = (
				52C7AF6D1D2BA7D8004937DD /* Debug */,
				52C7AF6E1D2BA7D8004937DD /* Release */,
			);
			defaultConfigurationIsVisible = 0;
		};
/* End XCConfigurationList section */
	};
	rootObject = 52C7AF4E1D2BA7D8004937DD /* Project object */;
}
